// !$*UTF8*$!
{
	archiveVersion = 1;
	classes = {
	};
	objectVersion = 50;
	objects = {

/* Begin PBXBuildFile section */
		1F64ECA0C39D5A4AFD58F932 /* Pods_PM_Sub_StudyUITests.framework in Frameworks */ = {isa = PBXBuildFile; fileRef = 94642C1C30E3E84135B7119E /* Pods_PM_Sub_StudyUITests.framework */; };
		514297C228F5A61FECC16F50 /* Pods_PM_Sub_Study.framework in Frameworks */ = {isa = PBXBuildFile; fileRef = D00FC5726621491F7B898ED8 /* Pods_PM_Sub_Study.framework */; };
		E9D4C8C161CB42A753A418A8 /* Pods_PM_Sub_StudyTests.framework in Frameworks */ = {isa = PBXBuildFile; fileRef = 6EF662DD1FDFC68BA6D24869 /* Pods_PM_Sub_StudyTests.framework */; };
		F893BD6121C15328009E6E8D /* AppDelegate.swift in Sources */ = {isa = PBXBuildFile; fileRef = F893BD6021C15328009E6E8D /* AppDelegate.swift */; };
		F893BD6321C15328009E6E8D /* ViewController.swift in Sources */ = {isa = PBXBuildFile; fileRef = F893BD6221C15328009E6E8D /* ViewController.swift */; };
		F893BD6621C15328009E6E8D /* Main.storyboard in Resources */ = {isa = PBXBuildFile; fileRef = F893BD6421C15328009E6E8D /* Main.storyboard */; };
		F893BD6821C1532A009E6E8D /* Assets.xcassets in Resources */ = {isa = PBXBuildFile; fileRef = F893BD6721C1532A009E6E8D /* Assets.xcassets */; };
		F893BD6B21C1532A009E6E8D /* LaunchScreen.storyboard in Resources */ = {isa = PBXBuildFile; fileRef = F893BD6921C1532A009E6E8D /* LaunchScreen.storyboard */; };
		F893BD7621C1532A009E6E8D /* PM_Sub_StudyTests.swift in Sources */ = {isa = PBXBuildFile; fileRef = F893BD7521C1532A009E6E8D /* PM_Sub_StudyTests.swift */; };
		F893BD8121C1532A009E6E8D /* PM_Sub_StudyUITests.swift in Sources */ = {isa = PBXBuildFile; fileRef = F893BD8021C1532A009E6E8D /* PM_Sub_StudyUITests.swift */; };
		F893BD9021C1572B009E6E8D /* RSStore.swift in Sources */ = {isa = PBXBuildFile; fileRef = F893BD8F21C1572B009E6E8D /* RSStore.swift */; };
		F893BD9221C157A3009E6E8D /* SurveyQueueManager.swift in Sources */ = {isa = PBXBuildFile; fileRef = F893BD9121C157A3009E6E8D /* SurveyQueueManager.swift */; };
		F893BD9521C15906009E6E8D /* Survey.swift in Sources */ = {isa = PBXBuildFile; fileRef = F893BD9421C15906009E6E8D /* Survey.swift */; };
		F893BD9721C15A25009E6E8D /* StandardizedSurvey.swift in Sources */ = {isa = PBXBuildFile; fileRef = F893BD9621C15A25009E6E8D /* StandardizedSurvey.swift */; };
		F893BD9921C15A4F009E6E8D /* WellbeingSurvey.swift in Sources */ = {isa = PBXBuildFile; fileRef = F893BD9821C15A4F009E6E8D /* WellbeingSurvey.swift */; };
		F893BD9B21C15AAF009E6E8D /* SideEffectSurvey.swift in Sources */ = {isa = PBXBuildFile; fileRef = F893BD9A21C15AAF009E6E8D /* SideEffectSurvey.swift */; };
		F893BD9D21C15B24009E6E8D /* SurveyTimesManager.swift in Sources */ = {isa = PBXBuildFile; fileRef = F893BD9C21C15B24009E6E8D /* SurveyTimesManager.swift */; };
		F893BD9F21C15B51009E6E8D /* NotificationsManager.swift in Sources */ = {isa = PBXBuildFile; fileRef = F893BD9E21C15B51009E6E8D /* NotificationsManager.swift */; };
		F893BDA221C15C26009E6E8D /* IntroViewController.swift in Sources */ = {isa = PBXBuildFile; fileRef = F893BDA121C15C26009E6E8D /* IntroViewController.swift */; };
		F893BDA521C15CC3009E6E8D /* IntroStoryBoard.storyboard in Resources */ = {isa = PBXBuildFile; fileRef = F893BDA421C15CC3009E6E8D /* IntroStoryBoard.storyboard */; };
		F893BDA721C15DEE009E6E8D /* LS2Client.plist in Resources */ = {isa = PBXBuildFile; fileRef = F893BDA621C15DED009E6E8D /* LS2Client.plist */; };
		F893BDAA21C15F22009E6E8D /* login.json in Resources */ = {isa = PBXBuildFile; fileRef = F893BDA921C15F22009E6E8D /* login.json */; };
		F893BDAC21C1637F009E6E8D /* OnboardingSB.storyboard in Resources */ = {isa = PBXBuildFile; fileRef = F893BDAB21C1637F009E6E8D /* OnboardingSB.storyboard */; };
		F893BDAE21C163C2009E6E8D /* OnboardingViewController.swift in Sources */ = {isa = PBXBuildFile; fileRef = F893BDAD21C163C2009E6E8D /* OnboardingViewController.swift */; };
		F893BDB021C164A0009E6E8D /* ConsentViewController.swift in Sources */ = {isa = PBXBuildFile; fileRef = F893BDAF21C164A0009E6E8D /* ConsentViewController.swift */; };
		F893BDB321C16529009E6E8D /* ConsentTask.swift in Sources */ = {isa = PBXBuildFile; fileRef = F893BDB221C16529009E6E8D /* ConsentTask.swift */; };
		F893BDB521C16543009E6E8D /* ConsentDocument.swift in Sources */ = {isa = PBXBuildFile; fileRef = F893BDB421C16543009E6E8D /* ConsentDocument.swift */; };
		F893BDB721C16678009E6E8D /* GeofenceSetViewController.swift in Sources */ = {isa = PBXBuildFile; fileRef = F893BDB621C16678009E6E8D /* GeofenceSetViewController.swift */; };
		F893BDB921C166C7009E6E8D /* GeofenceLocationsTask.swift in Sources */ = {isa = PBXBuildFile; fileRef = F893BDB821C166C7009E6E8D /* GeofenceLocationsTask.swift */; };
		F893BDBB21C1672E009E6E8D /* LocationManager.swift in Sources */ = {isa = PBXBuildFile; fileRef = F893BDBA21C1672E009E6E8D /* LocationManager.swift */; };
		F893BDBD21C167D6009E6E8D /* SurveyTimesViewController.swift in Sources */ = {isa = PBXBuildFile; fileRef = F893BDBC21C167D6009E6E8D /* SurveyTimesViewController.swift */; };
		F893BDBF21C1680E009E6E8D /* SetSurveyTimeTask.swift in Sources */ = {isa = PBXBuildFile; fileRef = F893BDBE21C1680E009E6E8D /* SetSurveyTimeTask.swift */; };
		F893BDC121C168A8009E6E8D /* EligibilityViewController.swift in Sources */ = {isa = PBXBuildFile; fileRef = F893BDC021C168A8009E6E8D /* EligibilityViewController.swift */; };
		F893BDC321C168E4009E6E8D /* EligibilityTask.swift in Sources */ = {isa = PBXBuildFile; fileRef = F893BDC221C168E4009E6E8D /* EligibilityTask.swift */; };
		F893BDC521C17203009E6E8D /* Home.storyboard in Resources */ = {isa = PBXBuildFile; fileRef = F893BDC421C17203009E6E8D /* Home.storyboard */; };
		F893BDC721C1724D009E6E8D /* HomeViewController.swift in Sources */ = {isa = PBXBuildFile; fileRef = F893BDC621C1724D009E6E8D /* HomeViewController.swift */; };
		F893BDC921C1728F009E6E8D /* StandardSurveyTask.swift in Sources */ = {isa = PBXBuildFile; fileRef = F893BDC821C1728F009E6E8D /* StandardSurveyTask.swift */; };
		F893BDCB21C172D2009E6E8D /* WellbeingSurveyTask.swift in Sources */ = {isa = PBXBuildFile; fileRef = F893BDCA21C172D2009E6E8D /* WellbeingSurveyTask.swift */; };
		F893BDCD21C17312009E6E8D /* SideEffectSurveyTask.swift in Sources */ = {isa = PBXBuildFile; fileRef = F893BDCC21C17312009E6E8D /* SideEffectSurveyTask.swift */; };
		F893BDD021C17372009E6E8D /* SurveyCell.swift in Sources */ = {isa = PBXBuildFile; fileRef = F893BDCF21C17372009E6E8D /* SurveyCell.swift */; };
		F893BDD221C175CC009E6E8D /* survey_transformer.json in Resources */ = {isa = PBXBuildFile; fileRef = F893BDD121C175CC009E6E8D /* survey_transformer.json */; };
		F893BDD421C17928009E6E8D /* SettingsViewController.swift in Sources */ = {isa = PBXBuildFile; fileRef = F893BDD321C17928009E6E8D /* SettingsViewController.swift */; };
/* End PBXBuildFile section */

/* Begin PBXContainerItemProxy section */
		F893BD7221C1532A009E6E8D /* PBXContainerItemProxy */ = {
			isa = PBXContainerItemProxy;
			containerPortal = F893BD5521C15328009E6E8D /* Project object */;
			proxyType = 1;
			remoteGlobalIDString = F893BD5C21C15328009E6E8D;
			remoteInfo = "PM Sub Study";
		};
		F893BD7D21C1532A009E6E8D /* PBXContainerItemProxy */ = {
			isa = PBXContainerItemProxy;
			containerPortal = F893BD5521C15328009E6E8D /* Project object */;
			proxyType = 1;
			remoteGlobalIDString = F893BD5C21C15328009E6E8D;
			remoteInfo = "PM Sub Study";
		};
/* End PBXContainerItemProxy section */

/* Begin PBXFileReference section */
		6EF662DD1FDFC68BA6D24869 /* Pods_PM_Sub_StudyTests.framework */ = {isa = PBXFileReference; explicitFileType = wrapper.framework; includeInIndex = 0; path = Pods_PM_Sub_StudyTests.framework; sourceTree = BUILT_PRODUCTS_DIR; };
		764180DD31AB315F780D9050 /* Pods-PM Sub Study.release.xcconfig */ = {isa = PBXFileReference; includeInIndex = 1; lastKnownFileType = text.xcconfig; name = "Pods-PM Sub Study.release.xcconfig"; path = "Pods/Target Support Files/Pods-PM Sub Study/Pods-PM Sub Study.release.xcconfig"; sourceTree = "<group>"; };
		945C687682DD94FC8B249C6D /* Pods-PM Sub StudyUITests.debug.xcconfig */ = {isa = PBXFileReference; includeInIndex = 1; lastKnownFileType = text.xcconfig; name = "Pods-PM Sub StudyUITests.debug.xcconfig"; path = "Pods/Target Support Files/Pods-PM Sub StudyUITests/Pods-PM Sub StudyUITests.debug.xcconfig"; sourceTree = "<group>"; };
		94642C1C30E3E84135B7119E /* Pods_PM_Sub_StudyUITests.framework */ = {isa = PBXFileReference; explicitFileType = wrapper.framework; includeInIndex = 0; path = Pods_PM_Sub_StudyUITests.framework; sourceTree = BUILT_PRODUCTS_DIR; };
		99B4296D897CFE627FB7766C /* Pods-PM Sub StudyTests.debug.xcconfig */ = {isa = PBXFileReference; includeInIndex = 1; lastKnownFileType = text.xcconfig; name = "Pods-PM Sub StudyTests.debug.xcconfig"; path = "Pods/Target Support Files/Pods-PM Sub StudyTests/Pods-PM Sub StudyTests.debug.xcconfig"; sourceTree = "<group>"; };
		A7D087420AE0ED2277D840B5 /* Pods-PM Sub StudyUITests.release.xcconfig */ = {isa = PBXFileReference; includeInIndex = 1; lastKnownFileType = text.xcconfig; name = "Pods-PM Sub StudyUITests.release.xcconfig"; path = "Pods/Target Support Files/Pods-PM Sub StudyUITests/Pods-PM Sub StudyUITests.release.xcconfig"; sourceTree = "<group>"; };
		B5689EA7412E449301D77481 /* Pods-PM Sub StudyTests.release.xcconfig */ = {isa = PBXFileReference; includeInIndex = 1; lastKnownFileType = text.xcconfig; name = "Pods-PM Sub StudyTests.release.xcconfig"; path = "Pods/Target Support Files/Pods-PM Sub StudyTests/Pods-PM Sub StudyTests.release.xcconfig"; sourceTree = "<group>"; };
		BB0C159E52DEDF18588C0C03 /* Pods-PM Sub Study.debug.xcconfig */ = {isa = PBXFileReference; includeInIndex = 1; lastKnownFileType = text.xcconfig; name = "Pods-PM Sub Study.debug.xcconfig"; path = "Pods/Target Support Files/Pods-PM Sub Study/Pods-PM Sub Study.debug.xcconfig"; sourceTree = "<group>"; };
		D00FC5726621491F7B898ED8 /* Pods_PM_Sub_Study.framework */ = {isa = PBXFileReference; explicitFileType = wrapper.framework; includeInIndex = 0; path = Pods_PM_Sub_Study.framework; sourceTree = BUILT_PRODUCTS_DIR; };
		F893BD5D21C15328009E6E8D /* PM Sub Study.app */ = {isa = PBXFileReference; explicitFileType = wrapper.application; includeInIndex = 0; path = "PM Sub Study.app"; sourceTree = BUILT_PRODUCTS_DIR; };
		F893BD6021C15328009E6E8D /* AppDelegate.swift */ = {isa = PBXFileReference; lastKnownFileType = sourcecode.swift; path = AppDelegate.swift; sourceTree = "<group>"; };
		F893BD6221C15328009E6E8D /* ViewController.swift */ = {isa = PBXFileReference; lastKnownFileType = sourcecode.swift; path = ViewController.swift; sourceTree = "<group>"; };
		F893BD6521C15328009E6E8D /* Base */ = {isa = PBXFileReference; lastKnownFileType = file.storyboard; name = Base; path = Base.lproj/Main.storyboard; sourceTree = "<group>"; };
		F893BD6721C1532A009E6E8D /* Assets.xcassets */ = {isa = PBXFileReference; lastKnownFileType = folder.assetcatalog; path = Assets.xcassets; sourceTree = "<group>"; };
		F893BD6A21C1532A009E6E8D /* Base */ = {isa = PBXFileReference; lastKnownFileType = file.storyboard; name = Base; path = Base.lproj/LaunchScreen.storyboard; sourceTree = "<group>"; };
		F893BD6C21C1532A009E6E8D /* Info.plist */ = {isa = PBXFileReference; lastKnownFileType = text.plist.xml; path = Info.plist; sourceTree = "<group>"; };
		F893BD7121C1532A009E6E8D /* PM Sub StudyTests.xctest */ = {isa = PBXFileReference; explicitFileType = wrapper.cfbundle; includeInIndex = 0; path = "PM Sub StudyTests.xctest"; sourceTree = BUILT_PRODUCTS_DIR; };
		F893BD7521C1532A009E6E8D /* PM_Sub_StudyTests.swift */ = {isa = PBXFileReference; lastKnownFileType = sourcecode.swift; path = PM_Sub_StudyTests.swift; sourceTree = "<group>"; };
		F893BD7721C1532A009E6E8D /* Info.plist */ = {isa = PBXFileReference; lastKnownFileType = text.plist.xml; path = Info.plist; sourceTree = "<group>"; };
		F893BD7C21C1532A009E6E8D /* PM Sub StudyUITests.xctest */ = {isa = PBXFileReference; explicitFileType = wrapper.cfbundle; includeInIndex = 0; path = "PM Sub StudyUITests.xctest"; sourceTree = BUILT_PRODUCTS_DIR; };
		F893BD8021C1532A009E6E8D /* PM_Sub_StudyUITests.swift */ = {isa = PBXFileReference; lastKnownFileType = sourcecode.swift; path = PM_Sub_StudyUITests.swift; sourceTree = "<group>"; };
		F893BD8221C1532A009E6E8D /* Info.plist */ = {isa = PBXFileReference; lastKnownFileType = text.plist.xml; path = Info.plist; sourceTree = "<group>"; };
		F893BD8F21C1572B009E6E8D /* RSStore.swift */ = {isa = PBXFileReference; lastKnownFileType = sourcecode.swift; path = RSStore.swift; sourceTree = "<group>"; };
		F893BD9121C157A3009E6E8D /* SurveyQueueManager.swift */ = {isa = PBXFileReference; lastKnownFileType = sourcecode.swift; path = SurveyQueueManager.swift; sourceTree = "<group>"; };
		F893BD9421C15906009E6E8D /* Survey.swift */ = {isa = PBXFileReference; lastKnownFileType = sourcecode.swift; path = Survey.swift; sourceTree = "<group>"; };
		F893BD9621C15A25009E6E8D /* StandardizedSurvey.swift */ = {isa = PBXFileReference; lastKnownFileType = sourcecode.swift; path = StandardizedSurvey.swift; sourceTree = "<group>"; };
		F893BD9821C15A4F009E6E8D /* WellbeingSurvey.swift */ = {isa = PBXFileReference; lastKnownFileType = sourcecode.swift; path = WellbeingSurvey.swift; sourceTree = "<group>"; };
		F893BD9A21C15AAF009E6E8D /* SideEffectSurvey.swift */ = {isa = PBXFileReference; lastKnownFileType = sourcecode.swift; path = SideEffectSurvey.swift; sourceTree = "<group>"; };
		F893BD9C21C15B24009E6E8D /* SurveyTimesManager.swift */ = {isa = PBXFileReference; lastKnownFileType = sourcecode.swift; path = SurveyTimesManager.swift; sourceTree = "<group>"; };
		F893BD9E21C15B51009E6E8D /* NotificationsManager.swift */ = {isa = PBXFileReference; lastKnownFileType = sourcecode.swift; path = NotificationsManager.swift; sourceTree = "<group>"; };
		F893BDA121C15C26009E6E8D /* IntroViewController.swift */ = {isa = PBXFileReference; lastKnownFileType = sourcecode.swift; path = IntroViewController.swift; sourceTree = "<group>"; };
		F893BDA421C15CC3009E6E8D /* IntroStoryBoard.storyboard */ = {isa = PBXFileReference; fileEncoding = 4; lastKnownFileType = file.storyboard; path = IntroStoryBoard.storyboard; sourceTree = "<group>"; };
		F893BDA621C15DED009E6E8D /* LS2Client.plist */ = {isa = PBXFileReference; fileEncoding = 4; lastKnownFileType = text.plist.xml; path = LS2Client.plist; sourceTree = "<group>"; };
		F893BDA921C15F22009E6E8D /* login.json */ = {isa = PBXFileReference; fileEncoding = 4; lastKnownFileType = text.json; path = login.json; sourceTree = "<group>"; };
		F893BDAB21C1637F009E6E8D /* OnboardingSB.storyboard */ = {isa = PBXFileReference; fileEncoding = 4; lastKnownFileType = file.storyboard; path = OnboardingSB.storyboard; sourceTree = "<group>"; };
		F893BDAD21C163C2009E6E8D /* OnboardingViewController.swift */ = {isa = PBXFileReference; lastKnownFileType = sourcecode.swift; path = OnboardingViewController.swift; sourceTree = "<group>"; };
		F893BDAF21C164A0009E6E8D /* ConsentViewController.swift */ = {isa = PBXFileReference; lastKnownFileType = sourcecode.swift; path = ConsentViewController.swift; sourceTree = "<group>"; };
		F893BDB221C16529009E6E8D /* ConsentTask.swift */ = {isa = PBXFileReference; lastKnownFileType = sourcecode.swift; path = ConsentTask.swift; sourceTree = "<group>"; };
		F893BDB421C16543009E6E8D /* ConsentDocument.swift */ = {isa = PBXFileReference; lastKnownFileType = sourcecode.swift; path = ConsentDocument.swift; sourceTree = "<group>"; };
		F893BDB621C16678009E6E8D /* GeofenceSetViewController.swift */ = {isa = PBXFileReference; lastKnownFileType = sourcecode.swift; path = GeofenceSetViewController.swift; sourceTree = "<group>"; };
		F893BDB821C166C7009E6E8D /* GeofenceLocationsTask.swift */ = {isa = PBXFileReference; lastKnownFileType = sourcecode.swift; path = GeofenceLocationsTask.swift; sourceTree = "<group>"; };
		F893BDBA21C1672E009E6E8D /* LocationManager.swift */ = {isa = PBXFileReference; lastKnownFileType = sourcecode.swift; path = LocationManager.swift; sourceTree = "<group>"; };
		F893BDBC21C167D6009E6E8D /* SurveyTimesViewController.swift */ = {isa = PBXFileReference; lastKnownFileType = sourcecode.swift; path = SurveyTimesViewController.swift; sourceTree = "<group>"; };
		F893BDBE21C1680E009E6E8D /* SetSurveyTimeTask.swift */ = {isa = PBXFileReference; lastKnownFileType = sourcecode.swift; path = SetSurveyTimeTask.swift; sourceTree = "<group>"; };
		F893BDC021C168A8009E6E8D /* EligibilityViewController.swift */ = {isa = PBXFileReference; lastKnownFileType = sourcecode.swift; path = EligibilityViewController.swift; sourceTree = "<group>"; };
		F893BDC221C168E4009E6E8D /* EligibilityTask.swift */ = {isa = PBXFileReference; lastKnownFileType = sourcecode.swift; path = EligibilityTask.swift; sourceTree = "<group>"; };
		F893BDC421C17203009E6E8D /* Home.storyboard */ = {isa = PBXFileReference; fileEncoding = 4; lastKnownFileType = file.storyboard; path = Home.storyboard; sourceTree = "<group>"; };
		F893BDC621C1724D009E6E8D /* HomeViewController.swift */ = {isa = PBXFileReference; lastKnownFileType = sourcecode.swift; path = HomeViewController.swift; sourceTree = "<group>"; };
		F893BDC821C1728F009E6E8D /* StandardSurveyTask.swift */ = {isa = PBXFileReference; lastKnownFileType = sourcecode.swift; path = StandardSurveyTask.swift; sourceTree = "<group>"; };
		F893BDCA21C172D2009E6E8D /* WellbeingSurveyTask.swift */ = {isa = PBXFileReference; lastKnownFileType = sourcecode.swift; path = WellbeingSurveyTask.swift; sourceTree = "<group>"; };
		F893BDCC21C17312009E6E8D /* SideEffectSurveyTask.swift */ = {isa = PBXFileReference; lastKnownFileType = sourcecode.swift; path = SideEffectSurveyTask.swift; sourceTree = "<group>"; };
		F893BDCF21C17372009E6E8D /* SurveyCell.swift */ = {isa = PBXFileReference; lastKnownFileType = sourcecode.swift; path = SurveyCell.swift; sourceTree = "<group>"; };
		F893BDD121C175CC009E6E8D /* survey_transformer.json */ = {isa = PBXFileReference; lastKnownFileType = text.json; path = survey_transformer.json; sourceTree = "<group>"; };
		F893BDD321C17928009E6E8D /* SettingsViewController.swift */ = {isa = PBXFileReference; lastKnownFileType = sourcecode.swift; path = SettingsViewController.swift; sourceTree = "<group>"; };
/* End PBXFileReference section */

/* Begin PBXFrameworksBuildPhase section */
		F893BD5A21C15328009E6E8D /* Frameworks */ = {
			isa = PBXFrameworksBuildPhase;
			buildActionMask = 2147483647;
			files = (
				514297C228F5A61FECC16F50 /* Pods_PM_Sub_Study.framework in Frameworks */,
			);
			runOnlyForDeploymentPostprocessing = 0;
		};
		F893BD6E21C1532A009E6E8D /* Frameworks */ = {
			isa = PBXFrameworksBuildPhase;
			buildActionMask = 2147483647;
			files = (
				E9D4C8C161CB42A753A418A8 /* Pods_PM_Sub_StudyTests.framework in Frameworks */,
			);
			runOnlyForDeploymentPostprocessing = 0;
		};
		F893BD7921C1532A009E6E8D /* Frameworks */ = {
			isa = PBXFrameworksBuildPhase;
			buildActionMask = 2147483647;
			files = (
				1F64ECA0C39D5A4AFD58F932 /* Pods_PM_Sub_StudyUITests.framework in Frameworks */,
			);
			runOnlyForDeploymentPostprocessing = 0;
		};
/* End PBXFrameworksBuildPhase section */

/* Begin PBXGroup section */
		9253F485A880E6C566DEA67F /* Frameworks */ = {
			isa = PBXGroup;
			children = (
				D00FC5726621491F7B898ED8 /* Pods_PM_Sub_Study.framework */,
				6EF662DD1FDFC68BA6D24869 /* Pods_PM_Sub_StudyTests.framework */,
				94642C1C30E3E84135B7119E /* Pods_PM_Sub_StudyUITests.framework */,
			);
			name = Frameworks;
			sourceTree = "<group>";
		};
		D4C9586762090589CD100C6C /* Pods */ = {
			isa = PBXGroup;
			children = (
				BB0C159E52DEDF18588C0C03 /* Pods-PM Sub Study.debug.xcconfig */,
				764180DD31AB315F780D9050 /* Pods-PM Sub Study.release.xcconfig */,
				99B4296D897CFE627FB7766C /* Pods-PM Sub StudyTests.debug.xcconfig */,
				B5689EA7412E449301D77481 /* Pods-PM Sub StudyTests.release.xcconfig */,
				945C687682DD94FC8B249C6D /* Pods-PM Sub StudyUITests.debug.xcconfig */,
				A7D087420AE0ED2277D840B5 /* Pods-PM Sub StudyUITests.release.xcconfig */,
			);
			name = Pods;
			sourceTree = "<group>";
		};
		F893BD5421C15328009E6E8D = {
			isa = PBXGroup;
			children = (
				F893BD5F21C15328009E6E8D /* PM Sub Study */,
				F893BD7421C1532A009E6E8D /* PM Sub StudyTests */,
				F893BD7F21C1532A009E6E8D /* PM Sub StudyUITests */,
				F893BD5E21C15328009E6E8D /* Products */,
				D4C9586762090589CD100C6C /* Pods */,
				9253F485A880E6C566DEA67F /* Frameworks */,
			);
			sourceTree = "<group>";
		};
		F893BD5E21C15328009E6E8D /* Products */ = {
			isa = PBXGroup;
			children = (
				F893BD5D21C15328009E6E8D /* PM Sub Study.app */,
				F893BD7121C1532A009E6E8D /* PM Sub StudyTests.xctest */,
				F893BD7C21C1532A009E6E8D /* PM Sub StudyUITests.xctest */,
			);
			name = Products;
			sourceTree = "<group>";
		};
		F893BD5F21C15328009E6E8D /* PM Sub Study */ = {
			isa = PBXGroup;
			children = (
				F893BDCE21C1735D009E6E8D /* ViewModels */,
				F893BDB121C164D0009E6E8D /* Tasks */,
				F893BDA821C15EDD009E6E8D /* json */,
				F893BDA621C15DED009E6E8D /* LS2Client.plist */,
				F893BDA321C15C63009E6E8D /* Storyboards */,
				F893BDA021C15BE8009E6E8D /* ViewControllers */,
				F893BD9321C158D2009E6E8D /* Models */,
				F893BD8E21C15705009E6E8D /* StateManagers */,
				F893BD6021C15328009E6E8D /* AppDelegate.swift */,
				F893BD6221C15328009E6E8D /* ViewController.swift */,
				F893BD6421C15328009E6E8D /* Main.storyboard */,
				F893BD6721C1532A009E6E8D /* Assets.xcassets */,
				F893BD6921C1532A009E6E8D /* LaunchScreen.storyboard */,
				F893BD6C21C1532A009E6E8D /* Info.plist */,
			);
			path = "PM Sub Study";
			sourceTree = "<group>";
		};
		F893BD7421C1532A009E6E8D /* PM Sub StudyTests */ = {
			isa = PBXGroup;
			children = (
				F893BD7521C1532A009E6E8D /* PM_Sub_StudyTests.swift */,
				F893BD7721C1532A009E6E8D /* Info.plist */,
			);
			path = "PM Sub StudyTests";
			sourceTree = "<group>";
		};
		F893BD7F21C1532A009E6E8D /* PM Sub StudyUITests */ = {
			isa = PBXGroup;
			children = (
				F893BD8021C1532A009E6E8D /* PM_Sub_StudyUITests.swift */,
				F893BD8221C1532A009E6E8D /* Info.plist */,
			);
			path = "PM Sub StudyUITests";
			sourceTree = "<group>";
		};
		F893BD8E21C15705009E6E8D /* StateManagers */ = {
			isa = PBXGroup;
			children = (
				F893BD8F21C1572B009E6E8D /* RSStore.swift */,
				F893BD9121C157A3009E6E8D /* SurveyQueueManager.swift */,
				F893BD9C21C15B24009E6E8D /* SurveyTimesManager.swift */,
				F893BD9E21C15B51009E6E8D /* NotificationsManager.swift */,
				F893BDBA21C1672E009E6E8D /* LocationManager.swift */,
			);
			path = StateManagers;
			sourceTree = "<group>";
		};
		F893BD9321C158D2009E6E8D /* Models */ = {
			isa = PBXGroup;
			children = (
				F893BD9421C15906009E6E8D /* Survey.swift */,
				F893BD9621C15A25009E6E8D /* StandardizedSurvey.swift */,
				F893BD9821C15A4F009E6E8D /* WellbeingSurvey.swift */,
				F893BD9A21C15AAF009E6E8D /* SideEffectSurvey.swift */,
			);
			path = Models;
			sourceTree = "<group>";
		};
		F893BDA021C15BE8009E6E8D /* ViewControllers */ = {
			isa = PBXGroup;
			children = (
				F893BDA121C15C26009E6E8D /* IntroViewController.swift */,
				F893BDAD21C163C2009E6E8D /* OnboardingViewController.swift */,
				F893BDAF21C164A0009E6E8D /* ConsentViewController.swift */,
				F893BDB621C16678009E6E8D /* GeofenceSetViewController.swift */,
				F893BDBC21C167D6009E6E8D /* SurveyTimesViewController.swift */,
				F893BDC021C168A8009E6E8D /* EligibilityViewController.swift */,
				F893BDC621C1724D009E6E8D /* HomeViewController.swift */,
				F893BDD321C17928009E6E8D /* SettingsViewController.swift */,
			);
			path = ViewControllers;
			sourceTree = "<group>";
		};
		F893BDA321C15C63009E6E8D /* Storyboards */ = {
			isa = PBXGroup;
			children = (
				F893BDA421C15CC3009E6E8D /* IntroStoryBoard.storyboard */,
				F893BDAB21C1637F009E6E8D /* OnboardingSB.storyboard */,
				F893BDC421C17203009E6E8D /* Home.storyboard */,
			);
			path = Storyboards;
			sourceTree = "<group>";
		};
		F893BDA821C15EDD009E6E8D /* json */ = {
			isa = PBXGroup;
			children = (
				F893BDA921C15F22009E6E8D /* login.json */,
				F893BDD121C175CC009E6E8D /* survey_transformer.json */,
			);
			path = json;
			sourceTree = "<group>";
		};
		F893BDB121C164D0009E6E8D /* Tasks */ = {
			isa = PBXGroup;
			children = (
				F893BDB221C16529009E6E8D /* ConsentTask.swift */,
				F893BDB421C16543009E6E8D /* ConsentDocument.swift */,
				F893BDB821C166C7009E6E8D /* GeofenceLocationsTask.swift */,
				F893BDBE21C1680E009E6E8D /* SetSurveyTimeTask.swift */,
				F893BDC221C168E4009E6E8D /* EligibilityTask.swift */,
				F893BDC821C1728F009E6E8D /* StandardSurveyTask.swift */,
				F893BDCA21C172D2009E6E8D /* WellbeingSurveyTask.swift */,
				F893BDCC21C17312009E6E8D /* SideEffectSurveyTask.swift */,
			);
			path = Tasks;
			sourceTree = "<group>";
		};
		F893BDCE21C1735D009E6E8D /* ViewModels */ = {
			isa = PBXGroup;
			children = (
				F893BDCF21C17372009E6E8D /* SurveyCell.swift */,
			);
			path = ViewModels;
			sourceTree = "<group>";
		};
/* End PBXGroup section */

/* Begin PBXNativeTarget section */
		F893BD5C21C15328009E6E8D /* PM Sub Study */ = {
			isa = PBXNativeTarget;
			buildConfigurationList = F893BD8521C1532A009E6E8D /* Build configuration list for PBXNativeTarget "PM Sub Study" */;
			buildPhases = (
				29B3509088C76B99204D7282 /* [CP] Check Pods Manifest.lock */,
				F893BD5921C15328009E6E8D /* Sources */,
				F893BD5A21C15328009E6E8D /* Frameworks */,
				F893BD5B21C15328009E6E8D /* Resources */,
				07B62BE5F9AA4E4BFCF38DB2 /* [CP] Embed Pods Frameworks */,
			);
			buildRules = (
			);
			dependencies = (
			);
			name = "PM Sub Study";
			productName = "PM Sub Study";
			productReference = F893BD5D21C15328009E6E8D /* PM Sub Study.app */;
			productType = "com.apple.product-type.application";
		};
		F893BD7021C1532A009E6E8D /* PM Sub StudyTests */ = {
			isa = PBXNativeTarget;
			buildConfigurationList = F893BD8821C1532A009E6E8D /* Build configuration list for PBXNativeTarget "PM Sub StudyTests" */;
			buildPhases = (
				D188412A9FAA6377AABE31C6 /* [CP] Check Pods Manifest.lock */,
				F893BD6D21C1532A009E6E8D /* Sources */,
				F893BD6E21C1532A009E6E8D /* Frameworks */,
				F893BD6F21C1532A009E6E8D /* Resources */,
			);
			buildRules = (
			);
			dependencies = (
				F893BD7321C1532A009E6E8D /* PBXTargetDependency */,
			);
			name = "PM Sub StudyTests";
			productName = "PM Sub StudyTests";
			productReference = F893BD7121C1532A009E6E8D /* PM Sub StudyTests.xctest */;
			productType = "com.apple.product-type.bundle.unit-test";
		};
		F893BD7B21C1532A009E6E8D /* PM Sub StudyUITests */ = {
			isa = PBXNativeTarget;
			buildConfigurationList = F893BD8B21C1532A009E6E8D /* Build configuration list for PBXNativeTarget "PM Sub StudyUITests" */;
			buildPhases = (
				0FB115F356F69D7B1ED18F53 /* [CP] Check Pods Manifest.lock */,
				F893BD7821C1532A009E6E8D /* Sources */,
				F893BD7921C1532A009E6E8D /* Frameworks */,
				F893BD7A21C1532A009E6E8D /* Resources */,
			);
			buildRules = (
			);
			dependencies = (
				F893BD7E21C1532A009E6E8D /* PBXTargetDependency */,
			);
			name = "PM Sub StudyUITests";
			productName = "PM Sub StudyUITests";
			productReference = F893BD7C21C1532A009E6E8D /* PM Sub StudyUITests.xctest */;
			productType = "com.apple.product-type.bundle.ui-testing";
		};
/* End PBXNativeTarget section */

/* Begin PBXProject section */
		F893BD5521C15328009E6E8D /* Project object */ = {
			isa = PBXProject;
			attributes = {
				LastSwiftUpdateCheck = 1000;
				LastUpgradeCheck = 1000;
				ORGANIZATIONNAME = "Travis Allen";
				TargetAttributes = {
					F893BD5C21C15328009E6E8D = {
						CreatedOnToolsVersion = 10.0;
					};
					F893BD7021C1532A009E6E8D = {
						CreatedOnToolsVersion = 10.0;
						TestTargetID = F893BD5C21C15328009E6E8D;
					};
					F893BD7B21C1532A009E6E8D = {
						CreatedOnToolsVersion = 10.0;
						TestTargetID = F893BD5C21C15328009E6E8D;
					};
				};
			};
			buildConfigurationList = F893BD5821C15328009E6E8D /* Build configuration list for PBXProject "PM Sub Study" */;
			compatibilityVersion = "Xcode 9.3";
			developmentRegion = en;
			hasScannedForEncodings = 0;
			knownRegions = (
				en,
				Base,
			);
			mainGroup = F893BD5421C15328009E6E8D;
			productRefGroup = F893BD5E21C15328009E6E8D /* Products */;
			projectDirPath = "";
			projectRoot = "";
			targets = (
				F893BD5C21C15328009E6E8D /* PM Sub Study */,
				F893BD7021C1532A009E6E8D /* PM Sub StudyTests */,
				F893BD7B21C1532A009E6E8D /* PM Sub StudyUITests */,
			);
		};
/* End PBXProject section */

/* Begin PBXResourcesBuildPhase section */
		F893BD5B21C15328009E6E8D /* Resources */ = {
			isa = PBXResourcesBuildPhase;
			buildActionMask = 2147483647;
			files = (
				F893BD6B21C1532A009E6E8D /* LaunchScreen.storyboard in Resources */,
				F893BDA721C15DEE009E6E8D /* LS2Client.plist in Resources */,
				F893BD6821C1532A009E6E8D /* Assets.xcassets in Resources */,
				F893BDA521C15CC3009E6E8D /* IntroStoryBoard.storyboard in Resources */,
				F893BDAC21C1637F009E6E8D /* OnboardingSB.storyboard in Resources */,
				F893BDD221C175CC009E6E8D /* survey_transformer.json in Resources */,
				F893BD6621C15328009E6E8D /* Main.storyboard in Resources */,
				F893BDAA21C15F22009E6E8D /* login.json in Resources */,
				F893BDC521C17203009E6E8D /* Home.storyboard in Resources */,
			);
			runOnlyForDeploymentPostprocessing = 0;
		};
		F893BD6F21C1532A009E6E8D /* Resources */ = {
			isa = PBXResourcesBuildPhase;
			buildActionMask = 2147483647;
			files = (
			);
			runOnlyForDeploymentPostprocessing = 0;
		};
		F893BD7A21C1532A009E6E8D /* Resources */ = {
			isa = PBXResourcesBuildPhase;
			buildActionMask = 2147483647;
			files = (
			);
			runOnlyForDeploymentPostprocessing = 0;
		};
/* End PBXResourcesBuildPhase section */

/* Begin PBXShellScriptBuildPhase section */
		07B62BE5F9AA4E4BFCF38DB2 /* [CP] Embed Pods Frameworks */ = {
			isa = PBXShellScriptBuildPhase;
			buildActionMask = 2147483647;
			files = (
			);
			inputFileListPaths = (
			);
			inputPaths = (
				"${SRCROOT}/Pods/Target Support Files/Pods-PM Sub Study/Pods-PM Sub Study-frameworks.sh",
				"${BUILT_PRODUCTS_DIR}/Alamofire/Alamofire.framework",
				"${BUILT_PRODUCTS_DIR}/GRMustache.swift/Mustache.framework",
				"${BUILT_PRODUCTS_DIR}/Gloss/Gloss.framework",
				"${BUILT_PRODUCTS_DIR}/LS2SDK/LS2SDK.framework",
				"${BUILT_PRODUCTS_DIR}/ReSwift/ReSwift.framework",
				"${BUILT_PRODUCTS_DIR}/ResearchKit/ResearchKit.framework",
				"${BUILT_PRODUCTS_DIR}/ResearchSuiteAppFramework/ResearchSuiteAppFramework.framework",
				"${BUILT_PRODUCTS_DIR}/ResearchSuiteExtensions/ResearchSuiteExtensions.framework",
				"${BUILT_PRODUCTS_DIR}/ResearchSuiteResultsProcessor/ResearchSuiteResultsProcessor.framework",
				"${BUILT_PRODUCTS_DIR}/ResearchSuiteTaskBuilder/ResearchSuiteTaskBuilder.framework",
				"${BUILT_PRODUCTS_DIR}/SecureQueue/SecureQueue.framework",
				"${BUILT_PRODUCTS_DIR}/SnapKit/SnapKit.framework",
				"${BUILT_PRODUCTS_DIR}/SwiftyGif/SwiftyGif.framework",
				"${BUILT_PRODUCTS_DIR}/SwiftyMarkdown/SwiftyMarkdown.framework",
				"${BUILT_PRODUCTS_DIR}/sdlrkx/sdlrkx.framework",
			);
			name = "[CP] Embed Pods Frameworks";
			outputFileListPaths = (
			);
			outputPaths = (
				"${TARGET_BUILD_DIR}/${FRAMEWORKS_FOLDER_PATH}/Alamofire.framework",
				"${TARGET_BUILD_DIR}/${FRAMEWORKS_FOLDER_PATH}/Mustache.framework",
				"${TARGET_BUILD_DIR}/${FRAMEWORKS_FOLDER_PATH}/Gloss.framework",
				"${TARGET_BUILD_DIR}/${FRAMEWORKS_FOLDER_PATH}/LS2SDK.framework",
				"${TARGET_BUILD_DIR}/${FRAMEWORKS_FOLDER_PATH}/ReSwift.framework",
				"${TARGET_BUILD_DIR}/${FRAMEWORKS_FOLDER_PATH}/ResearchKit.framework",
				"${TARGET_BUILD_DIR}/${FRAMEWORKS_FOLDER_PATH}/ResearchSuiteAppFramework.framework",
				"${TARGET_BUILD_DIR}/${FRAMEWORKS_FOLDER_PATH}/ResearchSuiteExtensions.framework",
				"${TARGET_BUILD_DIR}/${FRAMEWORKS_FOLDER_PATH}/ResearchSuiteResultsProcessor.framework",
				"${TARGET_BUILD_DIR}/${FRAMEWORKS_FOLDER_PATH}/ResearchSuiteTaskBuilder.framework",
				"${TARGET_BUILD_DIR}/${FRAMEWORKS_FOLDER_PATH}/SecureQueue.framework",
				"${TARGET_BUILD_DIR}/${FRAMEWORKS_FOLDER_PATH}/SnapKit.framework",
				"${TARGET_BUILD_DIR}/${FRAMEWORKS_FOLDER_PATH}/SwiftyGif.framework",
				"${TARGET_BUILD_DIR}/${FRAMEWORKS_FOLDER_PATH}/SwiftyMarkdown.framework",
				"${TARGET_BUILD_DIR}/${FRAMEWORKS_FOLDER_PATH}/sdlrkx.framework",
			);
			runOnlyForDeploymentPostprocessing = 0;
			shellPath = /bin/sh;
			shellScript = "\"${SRCROOT}/Pods/Target Support Files/Pods-PM Sub Study/Pods-PM Sub Study-frameworks.sh\"\n";
			showEnvVarsInLog = 0;
		};
		0FB115F356F69D7B1ED18F53 /* [CP] Check Pods Manifest.lock */ = {
			isa = PBXShellScriptBuildPhase;
			buildActionMask = 2147483647;
			files = (
			);
			inputFileListPaths = (
			);
			inputPaths = (
				"${PODS_PODFILE_DIR_PATH}/Podfile.lock",
				"${PODS_ROOT}/Manifest.lock",
			);
			name = "[CP] Check Pods Manifest.lock";
			outputFileListPaths = (
			);
			outputPaths = (
				"$(DERIVED_FILE_DIR)/Pods-PM Sub StudyUITests-checkManifestLockResult.txt",
			);
			runOnlyForDeploymentPostprocessing = 0;
			shellPath = /bin/sh;
			shellScript = "diff \"${PODS_PODFILE_DIR_PATH}/Podfile.lock\" \"${PODS_ROOT}/Manifest.lock\" > /dev/null\nif [ $? != 0 ] ; then\n    # print error to STDERR\n    echo \"error: The sandbox is not in sync with the Podfile.lock. Run 'pod install' or update your CocoaPods installation.\" >&2\n    exit 1\nfi\n# This output is used by Xcode 'outputs' to avoid re-running this script phase.\necho \"SUCCESS\" > \"${SCRIPT_OUTPUT_FILE_0}\"\n";
			showEnvVarsInLog = 0;
		};
		29B3509088C76B99204D7282 /* [CP] Check Pods Manifest.lock */ = {
			isa = PBXShellScriptBuildPhase;
			buildActionMask = 2147483647;
			files = (
			);
			inputFileListPaths = (
			);
			inputPaths = (
				"${PODS_PODFILE_DIR_PATH}/Podfile.lock",
				"${PODS_ROOT}/Manifest.lock",
			);
			name = "[CP] Check Pods Manifest.lock";
			outputFileListPaths = (
			);
			outputPaths = (
				"$(DERIVED_FILE_DIR)/Pods-PM Sub Study-checkManifestLockResult.txt",
			);
			runOnlyForDeploymentPostprocessing = 0;
			shellPath = /bin/sh;
			shellScript = "diff \"${PODS_PODFILE_DIR_PATH}/Podfile.lock\" \"${PODS_ROOT}/Manifest.lock\" > /dev/null\nif [ $? != 0 ] ; then\n    # print error to STDERR\n    echo \"error: The sandbox is not in sync with the Podfile.lock. Run 'pod install' or update your CocoaPods installation.\" >&2\n    exit 1\nfi\n# This output is used by Xcode 'outputs' to avoid re-running this script phase.\necho \"SUCCESS\" > \"${SCRIPT_OUTPUT_FILE_0}\"\n";
			showEnvVarsInLog = 0;
		};
		D188412A9FAA6377AABE31C6 /* [CP] Check Pods Manifest.lock */ = {
			isa = PBXShellScriptBuildPhase;
			buildActionMask = 2147483647;
			files = (
			);
			inputFileListPaths = (
			);
			inputPaths = (
				"${PODS_PODFILE_DIR_PATH}/Podfile.lock",
				"${PODS_ROOT}/Manifest.lock",
			);
			name = "[CP] Check Pods Manifest.lock";
			outputFileListPaths = (
			);
			outputPaths = (
				"$(DERIVED_FILE_DIR)/Pods-PM Sub StudyTests-checkManifestLockResult.txt",
			);
			runOnlyForDeploymentPostprocessing = 0;
			shellPath = /bin/sh;
			shellScript = "diff \"${PODS_PODFILE_DIR_PATH}/Podfile.lock\" \"${PODS_ROOT}/Manifest.lock\" > /dev/null\nif [ $? != 0 ] ; then\n    # print error to STDERR\n    echo \"error: The sandbox is not in sync with the Podfile.lock. Run 'pod install' or update your CocoaPods installation.\" >&2\n    exit 1\nfi\n# This output is used by Xcode 'outputs' to avoid re-running this script phase.\necho \"SUCCESS\" > \"${SCRIPT_OUTPUT_FILE_0}\"\n";
			showEnvVarsInLog = 0;
		};
/* End PBXShellScriptBuildPhase section */

/* Begin PBXSourcesBuildPhase section */
		F893BD5921C15328009E6E8D /* Sources */ = {
			isa = PBXSourcesBuildPhase;
			buildActionMask = 2147483647;
			files = (
				F893BD6321C15328009E6E8D /* ViewController.swift in Sources */,
				F893BD9D21C15B24009E6E8D /* SurveyTimesManager.swift in Sources */,
				F893BDCD21C17312009E6E8D /* SideEffectSurveyTask.swift in Sources */,
				F893BDBF21C1680E009E6E8D /* SetSurveyTimeTask.swift in Sources */,
				F893BDB721C16678009E6E8D /* GeofenceSetViewController.swift in Sources */,
				F893BD9B21C15AAF009E6E8D /* SideEffectSurvey.swift in Sources */,
				F893BDB321C16529009E6E8D /* ConsentTask.swift in Sources */,
				F893BDC721C1724D009E6E8D /* HomeViewController.swift in Sources */,
				F893BDB521C16543009E6E8D /* ConsentDocument.swift in Sources */,
				F893BDD021C17372009E6E8D /* SurveyCell.swift in Sources */,
				F893BD9921C15A4F009E6E8D /* WellbeingSurvey.swift in Sources */,
				F893BD9221C157A3009E6E8D /* SurveyQueueManager.swift in Sources */,
				F893BDBB21C1672E009E6E8D /* LocationManager.swift in Sources */,
				F893BDC321C168E4009E6E8D /* EligibilityTask.swift in Sources */,
				F893BDB921C166C7009E6E8D /* GeofenceLocationsTask.swift in Sources */,
				F893BD9521C15906009E6E8D /* Survey.swift in Sources */,
				F893BD6121C15328009E6E8D /* AppDelegate.swift in Sources */,
				F893BDC121C168A8009E6E8D /* EligibilityViewController.swift in Sources */,
				F893BDAE21C163C2009E6E8D /* OnboardingViewController.swift in Sources */,
				F893BD9721C15A25009E6E8D /* StandardizedSurvey.swift in Sources */,
				F893BDA221C15C26009E6E8D /* IntroViewController.swift in Sources */,
				F893BDB021C164A0009E6E8D /* ConsentViewController.swift in Sources */,
				F893BD9F21C15B51009E6E8D /* NotificationsManager.swift in Sources */,
				F893BDD421C17928009E6E8D /* SettingsViewController.swift in Sources */,
				F893BDC921C1728F009E6E8D /* StandardSurveyTask.swift in Sources */,
				F893BD9021C1572B009E6E8D /* RSStore.swift in Sources */,
				F893BDCB21C172D2009E6E8D /* WellbeingSurveyTask.swift in Sources */,
				F893BDBD21C167D6009E6E8D /* SurveyTimesViewController.swift in Sources */,
			);
			runOnlyForDeploymentPostprocessing = 0;
		};
		F893BD6D21C1532A009E6E8D /* Sources */ = {
			isa = PBXSourcesBuildPhase;
			buildActionMask = 2147483647;
			files = (
				F893BD7621C1532A009E6E8D /* PM_Sub_StudyTests.swift in Sources */,
			);
			runOnlyForDeploymentPostprocessing = 0;
		};
		F893BD7821C1532A009E6E8D /* Sources */ = {
			isa = PBXSourcesBuildPhase;
			buildActionMask = 2147483647;
			files = (
				F893BD8121C1532A009E6E8D /* PM_Sub_StudyUITests.swift in Sources */,
			);
			runOnlyForDeploymentPostprocessing = 0;
		};
/* End PBXSourcesBuildPhase section */

/* Begin PBXTargetDependency section */
		F893BD7321C1532A009E6E8D /* PBXTargetDependency */ = {
			isa = PBXTargetDependency;
			target = F893BD5C21C15328009E6E8D /* PM Sub Study */;
			targetProxy = F893BD7221C1532A009E6E8D /* PBXContainerItemProxy */;
		};
		F893BD7E21C1532A009E6E8D /* PBXTargetDependency */ = {
			isa = PBXTargetDependency;
			target = F893BD5C21C15328009E6E8D /* PM Sub Study */;
			targetProxy = F893BD7D21C1532A009E6E8D /* PBXContainerItemProxy */;
		};
/* End PBXTargetDependency section */

/* Begin PBXVariantGroup section */
		F893BD6421C15328009E6E8D /* Main.storyboard */ = {
			isa = PBXVariantGroup;
			children = (
				F893BD6521C15328009E6E8D /* Base */,
			);
			name = Main.storyboard;
			sourceTree = "<group>";
		};
		F893BD6921C1532A009E6E8D /* LaunchScreen.storyboard */ = {
			isa = PBXVariantGroup;
			children = (
				F893BD6A21C1532A009E6E8D /* Base */,
			);
			name = LaunchScreen.storyboard;
			sourceTree = "<group>";
		};
/* End PBXVariantGroup section */

/* Begin XCBuildConfiguration section */
		F893BD8321C1532A009E6E8D /* Debug */ = {
			isa = XCBuildConfiguration;
			buildSettings = {
				ALWAYS_SEARCH_USER_PATHS = NO;
				CLANG_ANALYZER_NONNULL = YES;
				CLANG_ANALYZER_NUMBER_OBJECT_CONVERSION = YES_AGGRESSIVE;
				CLANG_CXX_LANGUAGE_STANDARD = "gnu++14";
				CLANG_CXX_LIBRARY = "libc++";
				CLANG_ENABLE_MODULES = YES;
				CLANG_ENABLE_OBJC_ARC = YES;
				CLANG_ENABLE_OBJC_WEAK = YES;
				CLANG_WARN_BLOCK_CAPTURE_AUTORELEASING = YES;
				CLANG_WARN_BOOL_CONVERSION = YES;
				CLANG_WARN_COMMA = YES;
				CLANG_WARN_CONSTANT_CONVERSION = YES;
				CLANG_WARN_DEPRECATED_OBJC_IMPLEMENTATIONS = YES;
				CLANG_WARN_DIRECT_OBJC_ISA_USAGE = YES_ERROR;
				CLANG_WARN_DOCUMENTATION_COMMENTS = YES;
				CLANG_WARN_EMPTY_BODY = YES;
				CLANG_WARN_ENUM_CONVERSION = YES;
				CLANG_WARN_INFINITE_RECURSION = YES;
				CLANG_WARN_INT_CONVERSION = YES;
				CLANG_WARN_NON_LITERAL_NULL_CONVERSION = YES;
				CLANG_WARN_OBJC_IMPLICIT_RETAIN_SELF = YES;
				CLANG_WARN_OBJC_LITERAL_CONVERSION = YES;
				CLANG_WARN_OBJC_ROOT_CLASS = YES_ERROR;
				CLANG_WARN_RANGE_LOOP_ANALYSIS = YES;
				CLANG_WARN_STRICT_PROTOTYPES = YES;
				CLANG_WARN_SUSPICIOUS_MOVE = YES;
				CLANG_WARN_UNGUARDED_AVAILABILITY = YES_AGGRESSIVE;
				CLANG_WARN_UNREACHABLE_CODE = YES;
				CLANG_WARN__DUPLICATE_METHOD_MATCH = YES;
				CODE_SIGN_IDENTITY = "iPhone Developer";
				COPY_PHASE_STRIP = NO;
				DEBUG_INFORMATION_FORMAT = dwarf;
				ENABLE_STRICT_OBJC_MSGSEND = YES;
				ENABLE_TESTABILITY = YES;
				GCC_C_LANGUAGE_STANDARD = gnu11;
				GCC_DYNAMIC_NO_PIC = NO;
				GCC_NO_COMMON_BLOCKS = YES;
				GCC_OPTIMIZATION_LEVEL = 0;
				GCC_PREPROCESSOR_DEFINITIONS = (
					"DEBUG=1",
					"$(inherited)",
				);
				GCC_WARN_64_TO_32_BIT_CONVERSION = YES;
				GCC_WARN_ABOUT_RETURN_TYPE = YES_ERROR;
				GCC_WARN_UNDECLARED_SELECTOR = YES;
				GCC_WARN_UNINITIALIZED_AUTOS = YES_AGGRESSIVE;
				GCC_WARN_UNUSED_FUNCTION = YES;
				GCC_WARN_UNUSED_VARIABLE = YES;
				IPHONEOS_DEPLOYMENT_TARGET = 12.0;
				MTL_ENABLE_DEBUG_INFO = INCLUDE_SOURCE;
				MTL_FAST_MATH = YES;
				ONLY_ACTIVE_ARCH = YES;
				SDKROOT = iphoneos;
				SWIFT_ACTIVE_COMPILATION_CONDITIONS = DEBUG;
				SWIFT_OPTIMIZATION_LEVEL = "-Onone";
			};
			name = Debug;
		};
		F893BD8421C1532A009E6E8D /* Release */ = {
			isa = XCBuildConfiguration;
			buildSettings = {
				ALWAYS_SEARCH_USER_PATHS = NO;
				CLANG_ANALYZER_NONNULL = YES;
				CLANG_ANALYZER_NUMBER_OBJECT_CONVERSION = YES_AGGRESSIVE;
				CLANG_CXX_LANGUAGE_STANDARD = "gnu++14";
				CLANG_CXX_LIBRARY = "libc++";
				CLANG_ENABLE_MODULES = YES;
				CLANG_ENABLE_OBJC_ARC = YES;
				CLANG_ENABLE_OBJC_WEAK = YES;
				CLANG_WARN_BLOCK_CAPTURE_AUTORELEASING = YES;
				CLANG_WARN_BOOL_CONVERSION = YES;
				CLANG_WARN_COMMA = YES;
				CLANG_WARN_CONSTANT_CONVERSION = YES;
				CLANG_WARN_DEPRECATED_OBJC_IMPLEMENTATIONS = YES;
				CLANG_WARN_DIRECT_OBJC_ISA_USAGE = YES_ERROR;
				CLANG_WARN_DOCUMENTATION_COMMENTS = YES;
				CLANG_WARN_EMPTY_BODY = YES;
				CLANG_WARN_ENUM_CONVERSION = YES;
				CLANG_WARN_INFINITE_RECURSION = YES;
				CLANG_WARN_INT_CONVERSION = YES;
				CLANG_WARN_NON_LITERAL_NULL_CONVERSION = YES;
				CLANG_WARN_OBJC_IMPLICIT_RETAIN_SELF = YES;
				CLANG_WARN_OBJC_LITERAL_CONVERSION = YES;
				CLANG_WARN_OBJC_ROOT_CLASS = YES_ERROR;
				CLANG_WARN_RANGE_LOOP_ANALYSIS = YES;
				CLANG_WARN_STRICT_PROTOTYPES = YES;
				CLANG_WARN_SUSPICIOUS_MOVE = YES;
				CLANG_WARN_UNGUARDED_AVAILABILITY = YES_AGGRESSIVE;
				CLANG_WARN_UNREACHABLE_CODE = YES;
				CLANG_WARN__DUPLICATE_METHOD_MATCH = YES;
				CODE_SIGN_IDENTITY = "iPhone Developer";
				COPY_PHASE_STRIP = NO;
				DEBUG_INFORMATION_FORMAT = "dwarf-with-dsym";
				ENABLE_NS_ASSERTIONS = NO;
				ENABLE_STRICT_OBJC_MSGSEND = YES;
				GCC_C_LANGUAGE_STANDARD = gnu11;
				GCC_NO_COMMON_BLOCKS = YES;
				GCC_WARN_64_TO_32_BIT_CONVERSION = YES;
				GCC_WARN_ABOUT_RETURN_TYPE = YES_ERROR;
				GCC_WARN_UNDECLARED_SELECTOR = YES;
				GCC_WARN_UNINITIALIZED_AUTOS = YES_AGGRESSIVE;
				GCC_WARN_UNUSED_FUNCTION = YES;
				GCC_WARN_UNUSED_VARIABLE = YES;
				IPHONEOS_DEPLOYMENT_TARGET = 12.0;
				MTL_ENABLE_DEBUG_INFO = NO;
				MTL_FAST_MATH = YES;
				SDKROOT = iphoneos;
				SWIFT_COMPILATION_MODE = wholemodule;
				SWIFT_OPTIMIZATION_LEVEL = "-O";
				VALIDATE_PRODUCT = YES;
			};
			name = Release;
		};
		F893BD8621C1532A009E6E8D /* Debug */ = {
			isa = XCBuildConfiguration;
			baseConfigurationReference = BB0C159E52DEDF18588C0C03 /* Pods-PM Sub Study.debug.xcconfig */;
			buildSettings = {
				ASSETCATALOG_COMPILER_APPICON_NAME = AppIcon;
				CODE_SIGN_STYLE = Automatic;
				DEVELOPMENT_TEAM = MEH288UCB4;
				INFOPLIST_FILE = "PM Sub Study/Info.plist";
				LD_RUNPATH_SEARCH_PATHS = (
					"$(inherited)",
					"@executable_path/Frameworks",
				);
				PRODUCT_BUNDLE_IDENTIFIER = "CornellTech.PM-Sub-Study";
				PRODUCT_NAME = "$(TARGET_NAME)";
				SWIFT_VERSION = 4.2;
				TARGETED_DEVICE_FAMILY = "1,2";
			};
			name = Debug;
		};
		F893BD8721C1532A009E6E8D /* Release */ = {
			isa = XCBuildConfiguration;
			baseConfigurationReference = 764180DD31AB315F780D9050 /* Pods-PM Sub Study.release.xcconfig */;
			buildSettings = {
				ASSETCATALOG_COMPILER_APPICON_NAME = AppIcon;
				CODE_SIGN_STYLE = Automatic;
				DEVELOPMENT_TEAM = MEH288UCB4;
				INFOPLIST_FILE = "PM Sub Study/Info.plist";
				LD_RUNPATH_SEARCH_PATHS = (
					"$(inherited)",
					"@executable_path/Frameworks",
				);
				PRODUCT_BUNDLE_IDENTIFIER = "CornellTech.PM-Sub-Study";
				PRODUCT_NAME = "$(TARGET_NAME)";
				SWIFT_VERSION = 4.2;
				TARGETED_DEVICE_FAMILY = "1,2";
			};
			name = Release;
		};
		F893BD8921C1532A009E6E8D /* Debug */ = {
			isa = XCBuildConfiguration;
			baseConfigurationReference = 99B4296D897CFE627FB7766C /* Pods-PM Sub StudyTests.debug.xcconfig */;
			buildSettings = {
				ALWAYS_EMBED_SWIFT_STANDARD_LIBRARIES = YES;
				BUNDLE_LOADER = "$(TEST_HOST)";
				CODE_SIGN_STYLE = Automatic;
				DEVELOPMENT_TEAM = MEH288UCB4;
				INFOPLIST_FILE = "PM Sub StudyTests/Info.plist";
				LD_RUNPATH_SEARCH_PATHS = (
					"$(inherited)",
					"@executable_path/Frameworks",
					"@loader_path/Frameworks",
				);
				PRODUCT_BUNDLE_IDENTIFIER = "CornellTech.PM-Sub-StudyTests";
				PRODUCT_NAME = "$(TARGET_NAME)";
				SWIFT_VERSION = 4.2;
				TARGETED_DEVICE_FAMILY = "1,2";
				TEST_HOST = "$(BUILT_PRODUCTS_DIR)/PM Sub Study.app/PM Sub Study";
			};
			name = Debug;
		};
		F893BD8A21C1532A009E6E8D /* Release */ = {
			isa = XCBuildConfiguration;
			baseConfigurationReference = B5689EA7412E449301D77481 /* Pods-PM Sub StudyTests.release.xcconfig */;
			buildSettings = {
				ALWAYS_EMBED_SWIFT_STANDARD_LIBRARIES = YES;
				BUNDLE_LOADER = "$(TEST_HOST)";
				CODE_SIGN_STYLE = Automatic;
				DEVELOPMENT_TEAM = MEH288UCB4;
				INFOPLIST_FILE = "PM Sub StudyTests/Info.plist";
				LD_RUNPATH_SEARCH_PATHS = (
					"$(inherited)",
					"@executable_path/Frameworks",
					"@loader_path/Frameworks",
				);
				PRODUCT_BUNDLE_IDENTIFIER = "CornellTech.PM-Sub-StudyTests";
				PRODUCT_NAME = "$(TARGET_NAME)";
				SWIFT_VERSION = 4.2;
				TARGETED_DEVICE_FAMILY = "1,2";
				TEST_HOST = "$(BUILT_PRODUCTS_DIR)/PM Sub Study.app/PM Sub Study";
			};
			name = Release;
		};
		F893BD8C21C1532A009E6E8D /* Debug */ = {
			isa = XCBuildConfiguration;
			baseConfigurationReference = 945C687682DD94FC8B249C6D /* Pods-PM Sub StudyUITests.debug.xcconfig */;
			buildSettings = {
				ALWAYS_EMBED_SWIFT_STANDARD_LIBRARIES = YES;
				CODE_SIGN_STYLE = Automatic;
				DEVELOPMENT_TEAM = MEH288UCB4;
				INFOPLIST_FILE = "PM Sub StudyUITests/Info.plist";
				LD_RUNPATH_SEARCH_PATHS = (
					"$(inherited)",
					"@executable_path/Frameworks",
					"@loader_path/Frameworks",
				);
				PRODUCT_BUNDLE_IDENTIFIER = "CornellTech.PM-Sub-StudyUITests";
				PRODUCT_NAME = "$(TARGET_NAME)";
				SWIFT_VERSION = 4.2;
				TARGETED_DEVICE_FAMILY = "1,2";
				TEST_TARGET_NAME = "PM Sub Study";
			};
			name = Debug;
		};
		F893BD8D21C1532A009E6E8D /* Release */ = {
			isa = XCBuildConfiguration;
			baseConfigurationReference = A7D087420AE0ED2277D840B5 /* Pods-PM Sub StudyUITests.release.xcconfig */;
			buildSettings = {
				ALWAYS_EMBED_SWIFT_STANDARD_LIBRARIES = YES;
				CODE_SIGN_STYLE = Automatic;
				DEVELOPMENT_TEAM = MEH288UCB4;
				INFOPLIST_FILE = "PM Sub StudyUITests/Info.plist";
				LD_RUNPATH_SEARCH_PATHS = (
					"$(inherited)",
					"@executable_path/Frameworks",
					"@loader_path/Frameworks",
				);
				PRODUCT_BUNDLE_IDENTIFIER = "CornellTech.PM-Sub-StudyUITests";
				PRODUCT_NAME = "$(TARGET_NAME)";
				SWIFT_VERSION = 4.2;
				TARGETED_DEVICE_FAMILY = "1,2";
				TEST_TARGET_NAME = "PM Sub Study";
			};
			name = Release;
		};
/* End XCBuildConfiguration section */

/* Begin XCConfigurationList section */
		F893BD5821C15328009E6E8D /* Build configuration list for PBXProject "PM Sub Study" */ = {
			isa = XCConfigurationList;
			buildConfigurations = (
				F893BD8321C1532A009E6E8D /* Debug */,
				F893BD8421C1532A009E6E8D /* Release */,
			);
			defaultConfigurationIsVisible = 0;
			defaultConfigurationName = Release;
		};
		F893BD8521C1532A009E6E8D /* Build configuration list for PBXNativeTarget "PM Sub Study" */ = {
			isa = XCConfigurationList;
			buildConfigurations = (
				F893BD8621C1532A009E6E8D /* Debug */,
				F893BD8721C1532A009E6E8D /* Release */,
			);
			defaultConfigurationIsVisible = 0;
			defaultConfigurationName = Release;
		};
		F893BD8821C1532A009E6E8D /* Build configuration list for PBXNativeTarget "PM Sub StudyTests" */ = {
			isa = XCConfigurationList;
			buildConfigurations = (
				F893BD8921C1532A009E6E8D /* Debug */,
				F893BD8A21C1532A009E6E8D /* Release */,
			);
			defaultConfigurationIsVisible = 0;
			defaultConfigurationName = Release;
		};
		F893BD8B21C1532A009E6E8D /* Build configuration list for PBXNativeTarget "PM Sub StudyUITests" */ = {
			isa = XCConfigurationList;
			buildConfigurations = (
				F893BD8C21C1532A009E6E8D /* Debug */,
				F893BD8D21C1532A009E6E8D /* Release */,
			);
			defaultConfigurationIsVisible = 0;
			defaultConfigurationName = Release;
		};
/* End XCConfigurationList section */
	};
	rootObject = F893BD5521C15328009E6E8D /* Project object */;
}
